
Microsoft Visual Studio Solution File, Format Version 12.00
# Visual Studio 15
VisualStudioVersion = 15.0.28307.438
MinimumVisualStudioVersion = 10.0.40219.1
Project("{9A19103F-16F7-4668-BE54-9A1E7A4F7556}") = "Into.Digital.AutomationTesterInterviewExercise", "Into.Digital.AutomationTesterInterviewExercise\Into.Digital.AutomationTesterInterviewExercise.csproj", "{84BA047B-3108-4BAB-9099-264B651162FA}"
EndProject
Project("{2150E333-8FDC-42A3-9474-1A3956D46DE8}") = "misc", "misc", "{E92A188D-0946-48DD-8FAD-1BA8C62A6C4F}"
	ProjectSection(SolutionItems) = preProject
		Instructions.txt = Instructions.txt
		Notes.txt = Notes.txt
	EndProjectSection
EndProject
Global
	GlobalSection(SolutionConfigurationPlatforms) = preSolution
		Debug|Any CPU = Debug|Any CPU
		Release|Any CPU = Release|Any CPU
	EndGlobalSection
	GlobalSection(ProjectConfigurationPlatforms) = postSolution
		{84BA047B-3108-4BAB-9099-264B651162FA}.Debug|Any CPU.ActiveCfg = Debug|Any CPU
		{84BA047B-3108-4BAB-9099-264B651162FA}.Debug|Any CPU.Build.0 = Debug|Any CPU
		{84BA047B-3108-4BAB-9099-264B651162FA}.Release|Any CPU.ActiveCfg = Release|Any CPU
		{84BA047B-3108-4BAB-9099-264B651162FA}.Release|Any CPU.Build.0 = Release|Any CPU
	EndGlobalSection
	GlobalSection(SolutionProperties) = preSolution
		HideSolutionNode = FALSE
	EndGlobalSection
	GlobalSection(ExtensibilityGlobals) = postSolution
		SolutionGuid = {08D01061-6A79-4AFE-ABA3-04932BDF5F8A}
	EndGlobalSection
EndGlobal
